
Microsoft Visual Studio Solution File, Format Version 12.00
# Visual Studio Version 17
VisualStudioVersion = 17.6.33829.357
MinimumVisualStudioVersion = 10.0.40219.1
Project("{9A19103F-16F7-4668-BE54-9A1E7A4F7556}") = "movie-app-mvc", "movie-app-mvc\movie-app-mvc.csproj", "{334CBDA1-D004-467E-B1FF-067856ED4D19}"
EndProject
Project("{9A19103F-16F7-4668-BE54-9A1E7A4F7556}") = "MovieApp.Data", "movie-app-data\MovieApp.Data.csproj", "{5E095AF4-1FD4-4BD3-B91C-AE00FB72640F}"
EndProject
Project("{FAE04EC0-301F-11D3-BF4B-00C04F79EFBC}") = "MovieApp.Services", "MovieApp.Services\MovieApp.Services.csproj", "{7D8DCDCD-B743-4E15-9A4A-80D10F52DFF7}"
EndProject
Project("{FAE04EC0-301F-11D3-BF4B-00C04F79EFBC}") = "MovieApp.Tests", "MovieApp.Tests\MovieApp.Tests.csproj", "{15A728AD-17A7-4092-83D0-E5323AF195C9}"
EndProject
Global
	GlobalSection(SolutionConfigurationPlatforms) = preSolution
		Debug|Any CPU = Debug|Any CPU
		Release|Any CPU = Release|Any CPU
	EndGlobalSection
	GlobalSection(ProjectConfigurationPlatforms) = postSolution
		{334CBDA1-D004-467E-B1FF-067856ED4D19}.Debug|Any CPU.ActiveCfg = Debug|Any CPU
		{334CBDA1-D004-467E-B1FF-067856ED4D19}.Debug|Any CPU.Build.0 = Debug|Any CPU
		{334CBDA1-D004-467E-B1FF-067856ED4D19}.Release|Any CPU.ActiveCfg = Release|Any CPU
		{334CBDA1-D004-467E-B1FF-067856ED4D19}.Release|Any CPU.Build.0 = Release|Any CPU
		{5E095AF4-1FD4-4BD3-B91C-AE00FB72640F}.Debug|Any CPU.ActiveCfg = Debug|Any CPU
		{5E095AF4-1FD4-4BD3-B91C-AE00FB72640F}.Debug|Any CPU.Build.0 = Debug|Any CPU
		{5E095AF4-1FD4-4BD3-B91C-AE00FB72640F}.Release|Any CPU.ActiveCfg = Release|Any CPU
		{5E095AF4-1FD4-4BD3-B91C-AE00FB72640F}.Release|Any CPU.Build.0 = Release|Any CPU
		{7D8DCDCD-B743-4E15-9A4A-80D10F52DFF7}.Debug|Any CPU.ActiveCfg = Debug|Any CPU
		{7D8DCDCD-B743-4E15-9A4A-80D10F52DFF7}.Debug|Any CPU.Build.0 = Debug|Any CPU
		{7D8DCDCD-B743-4E15-9A4A-80D10F52DFF7}.Release|Any CPU.ActiveCfg = Release|Any CPU
		{7D8DCDCD-B743-4E15-9A4A-80D10F52DFF7}.Release|Any CPU.Build.0 = Release|Any CPU
		{15A728AD-17A7-4092-83D0-E5323AF195C9}.Debug|Any CPU.ActiveCfg = Debug|Any CPU
		{15A728AD-17A7-4092-83D0-E5323AF195C9}.Debug|Any CPU.Build.0 = Debug|Any CPU
		{15A728AD-17A7-4092-83D0-E5323AF195C9}.Release|Any CPU.ActiveCfg = Release|Any CPU
		{15A728AD-17A7-4092-83D0-E5323AF195C9}.Release|Any CPU.Build.0 = Release|Any CPU
	EndGlobalSection
	GlobalSection(SolutionProperties) = preSolution
		HideSolutionNode = FALSE
	EndGlobalSection
	GlobalSection(ExtensibilityGlobals) = postSolution
		SolutionGuid = {DDA6F604-2DFF-4290-A862-57BB0AB18EB8}
	EndGlobalSection
EndGlobal
